{
  "name": "calecosystem",
  "version": "0.1.0",
  "lockfileVersion": 3,
  "requires": true,
  "packages": {
    "": {
      "name": "calecosystem",
      "version": "0.1.0",
      "workspaces": [
        "packages/*"
      ],
      "devDependencies": {
        "@types/node": "^22.20.3",
        "typescript": "^5.9.3"
      },
      "engines": {
        "node": ">=22.18.0"
      }
    },
    "node_modules/@calecosystem/cli": {
      "resolved": "packages/cli",
      "link": true
    },
    "node_modules/@calecosystem/contracts": {
      "resolved": "packages/contracts",
      "link": true
    },
    "node_modules/@calecosystem/core": {
      "resolved": "packages/core",
      "link": true
    },
    "node_modules/@calecosystem/documenter": {
      "resolved": "packages/documenter",
      "link": true
    },
    "node_modules/@calecosystem/generator": {
      "resolved": "packages/generator",
      "link": true
    },
    "node_modules/@calecosystem/optimizer": {
      "resolved": "packages/optimizer",
      "link": true
    },
    "node_modules/@calecosystem/security": {
      "resolved": "packages/security",
      "link": true
    },
    "node_modules/@calecosystem/tester": {
      "resolved": "packages/tester",
      "link": true
    },
    "node_modules/@types/node": {
      "version": "22.20.3",
      "resolved": "https://registry.npmjs.org/@types/node/-/node-22.20.3.tgz",
      "integrity": "sha512-DZmzkmwHzXrLPAXPyKNDzlIwMMUZCVacoD25ywdy5YTKGbOx/2ld+Q38Im2zJ0vBuZP5Prd3VZutKZyXwkOS8A==",
      "dev": true,
      "license": "MIT",
      "dependencies": {
        "undici-types": "~6.21.0"
      }
    },
    "node_modules/typescript": {
      "version": "5.9.3",
      "resolved": "https://registry.npmjs.org/typescript/-/typescript-5.9.3.tgz",
      "integrity": "sha512-jl1vZzPDinLr9eUt3J/t7V6FgNEw9QjvBPdysz9KfQDD41fQrC2Y4vKQdiaUpFT4bXlb1RHhLpp8wtm6M5TgSw==",
      "dev": true,
      "license": "Apache-2.0",
      "bin": {
        "tsc": "bin/tsc",
        "tsserver": "bin/tsserver"
      },
      "engines": {
        "node": ">=14.17"
      }
    },
    "node_modules/undici-types": {
      "version": "6.21.0",
      "resolved": "https://registry.npmjs.org/undici-types/-/undici-types-6.21.0.tgz",
      "integrity": "sha512-iwDZqg0QAGrg9Rav5H4n0M64c3mkR59cJ6wQp+7C4nI0gsmExaedaYLNO44eT4AtBBwjbTiGPMlt2Md0T9H9JQ==",
      "dev": true,
      "license": "MIT"
    },
    "packages/cli": {
      "name": "@calecosystem/cli",
      "version": "0.1.0",
      "license": "UNLICENSED",
      "dependencies": {
        "@calecosystem/contracts": "0.1.0",
        "@calecosystem/core": "0.1.0",
        "@calecosystem/documenter": "0.1.0",
        "@calecosystem/generator": "0.1.0",
        "@calecosystem/optimizer": "0.1.0",
        "@calecosystem/security": "0.1.0",
        "@calecosystem/tester": "0.1.0"
      },
      "bin": {
        "calec": "src/bin.ts"
      }
    },
    "packages/contracts": {
      "name": "@calecosystem/contracts",
      "version": "0.1.0",
      "license": "UNLICENSED"
    },
    "packages/core": {
      "name": "@calecosystem/core",
      "version": "0.1.0",
      "license": "UNLICENSED",
      "dependencies": {
        "@calecosystem/contracts": "0.1.0"
      }
    },
    "packages/documenter": {
      "name": "@calecosystem/documenter",
      "version": "0.1.0",
      "license": "UNLICENSED",
      "dependencies": {
        "@calecosystem/contracts": "0.1.0",
        "@calecosystem/core": "0.1.0"
      }
    },
    "packages/generator": {
      "name": "@calecosystem/generator",
      "version": "0.1.0",
      "license": "UNLICENSED",
      "dependencies": {
        "@calecosystem/contracts": "0.1.0",
        "@calecosystem/core": "0.1.0"
      }
    },
    "packages/optimizer": {
      "name": "@calecosystem/optimizer",
      "version": "0.1.0",
      "license": "UNLICENSED",
      "dependencies": {
        "@calecosystem/contracts": "0.1.0",
        "@calecosystem/core": "0.1.0"
      }
    },
    "packages/security": {
      "name": "@calecosystem/security",
      "version": "0.1.0",
      "license": "UNLICENSED",
      "dependencies": {
        "@calecosystem/contracts": "0.1.0",
        "@calecosystem/core": "0.1.0"
      }
    },
    "packages/tester": {
      "name": "@calecosystem/tester",
      "version": "0.1.0",
      "license": "UNLICENSED",
      "dependencies": {
        "@calecosystem/contracts": "0.1.0",
        "@calecosystem/core": "0.1.0"
      }
    }
  }
}
